
Microsoft Visual Studio Solution File, Format Version 12.00
# Visual Studio Version 16
VisualStudioVersion = 16.0.30002.166
MinimumVisualStudioVersion = 10.0.40219.1
Project("{FAE04EC0-301F-11D3-BF4B-00C04F79EFBC}") = "UI", "VirtualWallet\UI.csproj", "{813092B7-A942-4762-8026-145705D9BE9F}"
EndProject
Project("{FAE04EC0-301F-11D3-BF4B-00C04F79EFBC}") = "BL", "BL\BL.csproj", "{65C7D44E-97AA-4A71-B4CA-8B2CF594E89F}"
EndProject
Project("{FAE04EC0-301F-11D3-BF4B-00C04F79EFBC}") = "Tests", "Tests\Tests.csproj", "{FC4CF339-8A9D-4107-8E84-8A0F3BD4C234}"
EndProject
Project("{FAE04EC0-301F-11D3-BF4B-00C04F79EFBC}") = "DAL", "DAL\DAL.csproj", "{5C9E92FF-FC31-4C00-95FB-2CB18098D48E}"
EndProject
Project("{FAE04EC0-301F-11D3-BF4B-00C04F79EFBC}") = "Shared", "Shared\Shared.csproj", "{92EA1037-42C3-4128-8430-F05823B0C39F}"
EndProject
Global
	GlobalSection(SolutionConfigurationPlatforms) = preSolution
		Debug|Any CPU = Debug|Any CPU
		Debug|ARM = Debug|ARM
		Debug|x64 = Debug|x64
		Debug|x86 = Debug|x86
		Release|Any CPU = Release|Any CPU
		Release|ARM = Release|ARM
		Release|x64 = Release|x64
		Release|x86 = Release|x86
	EndGlobalSection
	GlobalSection(ProjectConfigurationPlatforms) = postSolution
		{813092B7-A942-4762-8026-145705D9BE9F}.Debug|Any CPU.ActiveCfg = Debug|x86
		{813092B7-A942-4762-8026-145705D9BE9F}.Debug|ARM.ActiveCfg = Debug|ARM
		{813092B7-A942-4762-8026-145705D9BE9F}.Debug|ARM.Build.0 = Debug|ARM
		{813092B7-A942-4762-8026-145705D9BE9F}.Debug|ARM.Deploy.0 = Debug|ARM
		{813092B7-A942-4762-8026-145705D9BE9F}.Debug|x64.ActiveCfg = Debug|x64
		{813092B7-A942-4762-8026-145705D9BE9F}.Debug|x64.Build.0 = Debug|x64
		{813092B7-A942-4762-8026-145705D9BE9F}.Debug|x64.Deploy.0 = Debug|x64
		{813092B7-A942-4762-8026-145705D9BE9F}.Debug|x86.ActiveCfg = Debug|x86
		{813092B7-A942-4762-8026-145705D9BE9F}.Debug|x86.Build.0 = Debug|x86
		{813092B7-A942-4762-8026-145705D9BE9F}.Debug|x86.Deploy.0 = Debug|x86
		{813092B7-A942-4762-8026-145705D9BE9F}.Release|Any CPU.ActiveCfg = Release|x86
		{813092B7-A942-4762-8026-145705D9BE9F}.Release|ARM.ActiveCfg = Release|ARM
		{813092B7-A942-4762-8026-145705D9BE9F}.Release|ARM.Build.0 = Release|ARM
		{813092B7-A942-4762-8026-145705D9BE9F}.Release|ARM.Deploy.0 = Release|ARM
		{813092B7-A942-4762-8026-145705D9BE9F}.Release|x64.ActiveCfg = Release|x64
		{813092B7-A942-4762-8026-145705D9BE9F}.Release|x64.Build.0 = Release|x64
		{813092B7-A942-4762-8026-145705D9BE9F}.Release|x64.Deploy.0 = Release|x64
		{813092B7-A942-4762-8026-145705D9BE9F}.Release|x86.ActiveCfg = Release|x86
		{813092B7-A942-4762-8026-145705D9BE9F}.Release|x86.Build.0 = Release|x86
		{813092B7-A942-4762-8026-145705D9BE9F}.Release|x86.Deploy.0 = Release|x86
		{65C7D44E-97AA-4A71-B4CA-8B2CF594E89F}.Debug|Any CPU.ActiveCfg = Debug|Any CPU
		{65C7D44E-97AA-4A71-B4CA-8B2CF594E89F}.Debug|Any CPU.Build.0 = Debug|Any CPU
		{65C7D44E-97AA-4A71-B4CA-8B2CF594E89F}.Debug|ARM.ActiveCfg = Debug|ARM
		{65C7D44E-97AA-4A71-B4CA-8B2CF594E89F}.Debug|ARM.Build.0 = Debug|ARM
		{65C7D44E-97AA-4A71-B4CA-8B2CF594E89F}.Debug|x64.ActiveCfg = Debug|x64
		{65C7D44E-97AA-4A71-B4CA-8B2CF594E89F}.Debug|x64.Build.0 = Debug|x64
		{65C7D44E-97AA-4A71-B4CA-8B2CF594E89F}.Debug|x86.ActiveCfg = Debug|x86
		{65C7D44E-97AA-4A71-B4CA-8B2CF594E89F}.Debug|x86.Build.0 = Debug|x86
		{65C7D44E-97AA-4A71-B4CA-8B2CF594E89F}.Release|Any CPU.ActiveCfg = Release|Any CPU
		{65C7D44E-97AA-4A71-B4CA-8B2CF594E89F}.Release|Any CPU.Build.0 = Release|Any CPU
		{65C7D44E-97AA-4A71-B4CA-8B2CF594E89F}.Release|ARM.ActiveCfg = Release|ARM
		{65C7D44E-97AA-4A71-B4CA-8B2CF594E89F}.Release|ARM.Build.0 = Release|ARM
		{65C7D44E-97AA-4A71-B4CA-8B2CF594E89F}.Release|x64.ActiveCfg = Release|x64
		{65C7D44E-97AA-4A71-B4CA-8B2CF594E89F}.Release|x64.Build.0 = Release|x64
		{65C7D44E-97AA-4A71-B4CA-8B2CF594E89F}.Release|x86.ActiveCfg = Release|x86
		{65C7D44E-97AA-4A71-B4CA-8B2CF594E89F}.Release|x86.Build.0 = Release|x86
		{FC4CF339-8A9D-4107-8E84-8A0F3BD4C234}.Debug|Any CPU.ActiveCfg = Debug|x86
		{FC4CF339-8A9D-4107-8E84-8A0F3BD4C234}.Debug|ARM.ActiveCfg = Debug|ARM
		{FC4CF339-8A9D-4107-8E84-8A0F3BD4C234}.Debug|ARM.Build.0 = Debug|ARM
		{FC4CF339-8A9D-4107-8E84-8A0F3BD4C234}.Debug|ARM.Deploy.0 = Debug|ARM
		{FC4CF339-8A9D-4107-8E84-8A0F3BD4C234}.Debug|x64.ActiveCfg = Debug|x64
		{FC4CF339-8A9D-4107-8E84-8A0F3BD4C234}.Debug|x64.Build.0 = Debug|x64
		{FC4CF339-8A9D-4107-8E84-8A0F3BD4C234}.Debug|x64.Deploy.0 = Debug|x64
		{FC4CF339-8A9D-4107-8E84-8A0F3BD4C234}.Debug|x86.ActiveCfg = Debug|x86
		{FC4CF339-8A9D-4107-8E84-8A0F3BD4C234}.Debug|x86.Build.0 = Debug|x86
		{FC4CF339-8A9D-4107-8E84-8A0F3BD4C234}.Debug|x86.Deploy.0 = Debug|x86
		{FC4CF339-8A9D-4107-8E84-8A0F3BD4C234}.Release|Any CPU.ActiveCfg = Release|x86
		{FC4CF339-8A9D-4107-8E84-8A0F3BD4C234}.Release|ARM.ActiveCfg = Release|ARM
		{FC4CF339-8A9D-4107-8E84-8A0F3BD4C234}.Release|ARM.Build.0 = Release|ARM
		{FC4CF339-8A9D-4107-8E84-8A0F3BD4C234}.Release|ARM.Deploy.0 = Release|ARM
		{FC4CF339-8A9D-4107-8E84-8A0F3BD4C234}.Release|x64.ActiveCfg = Release|x64
		{FC4CF339-8A9D-4107-8E84-8A0F3BD4C234}.Release|x64.Build.0 = Release|x64
		{FC4CF339-8A9D-4107-8E84-8A0F3BD4C234}.Release|x64.Deploy.0 = Release|x64
		{FC4CF339-8A9D-4107-8E84-8A0F3BD4C234}.Release|x86.ActiveCfg = Release|x86
		{FC4CF339-8A9D-4107-8E84-8A0F3BD4C234}.Release|x86.Build.0 = Release|x86
		{FC4CF339-8A9D-4107-8E84-8A0F3BD4C234}.Release|x86.Deploy.0 = Release|x86
		{5C9E92FF-FC31-4C00-95FB-2CB18098D48E}.Debug|Any CPU.ActiveCfg = Debug|Any CPU
		{5C9E92FF-FC31-4C00-95FB-2CB18098D48E}.Debug|Any CPU.Build.0 = Debug|Any CPU
		{5C9E92FF-FC31-4C00-95FB-2CB18098D48E}.Debug|ARM.ActiveCfg = Debug|ARM
		{5C9E92FF-FC31-4C00-95FB-2CB18098D48E}.Debug|ARM.Build.0 = Debug|ARM
		{5C9E92FF-FC31-4C00-95FB-2CB18098D48E}.Debug|x64.ActiveCfg = Debug|x64
		{5C9E92FF-FC31-4C00-95FB-2CB18098D48E}.Debug|x64.Build.0 = Debug|x64
		{5C9E92FF-FC31-4C00-95FB-2CB18098D48E}.Debug|x86.ActiveCfg = Debug|x86
		{5C9E92FF-FC31-4C00-95FB-2CB18098D48E}.Debug|x86.Build.0 = Debug|x86
		{5C9E92FF-FC31-4C00-95FB-2CB18098D48E}.Release|Any CPU.ActiveCfg = Release|Any CPU
		{5C9E92FF-FC31-4C00-95FB-2CB18098D48E}.Release|Any CPU.Build.0 = Release|Any CPU
		{5C9E92FF-FC31-4C00-95FB-2CB18098D48E}.Release|ARM.ActiveCfg = Release|ARM
		{5C9E92FF-FC31-4C00-95FB-2CB18098D48E}.Release|ARM.Build.0 = Release|ARM
		{5C9E92FF-FC31-4C00-95FB-2CB18098D48E}.Release|x64.ActiveCfg = Release|x64
		{5C9E92FF-FC31-4C00-95FB-2CB18098D48E}.Release|x64.Build.0 = Release|x64
		{5C9E92FF-FC31-4C00-95FB-2CB18098D48E}.Release|x86.ActiveCfg = Release|x86
		{5C9E92FF-FC31-4C00-95FB-2CB18098D48E}.Release|x86.Build.0 = Release|x86
		{92EA1037-42C3-4128-8430-F05823B0C39F}.Debug|Any CPU.ActiveCfg = Debug|Any CPU
		{92EA1037-42C3-4128-8430-F05823B0C39F}.Debug|Any CPU.Build.0 = Debug|Any CPU
		{92EA1037-42C3-4128-8430-F05823B0C39F}.Debug|ARM.ActiveCfg = Debug|Any CPU
		{92EA1037-42C3-4128-8430-F05823B0C39F}.Debug|ARM.Build.0 = Debug|Any CPU
		{92EA1037-42C3-4128-8430-F05823B0C39F}.Debug|x64.ActiveCfg = Debug|Any CPU
		{92EA1037-42C3-4128-8430-F05823B0C39F}.Debug|x64.Build.0 = Debug|Any CPU
		{92EA1037-42C3-4128-8430-F05823B0C39F}.Debug|x86.ActiveCfg = Debug|Any CPU
		{92EA1037-42C3-4128-8430-F05823B0C39F}.Debug|x86.Build.0 = Debug|Any CPU
		{92EA1037-42C3-4128-8430-F05823B0C39F}.Release|Any CPU.ActiveCfg = Release|Any CPU
		{92EA1037-42C3-4128-8430-F05823B0C39F}.Release|Any CPU.Build.0 = Release|Any CPU
		{92EA1037-42C3-4128-8430-F05823B0C39F}.Release|ARM.ActiveCfg = Release|Any CPU
		{92EA1037-42C3-4128-8430-F05823B0C39F}.Release|ARM.Build.0 = Release|Any CPU
		{92EA1037-42C3-4128-8430-F05823B0C39F}.Release|x64.ActiveCfg = Release|Any CPU
		{92EA1037-42C3-4128-8430-F05823B0C39F}.Release|x64.Build.0 = Release|Any CPU
		{92EA1037-42C3-4128-8430-F05823B0C39F}.Release|x86.ActiveCfg = Release|Any CPU
		{92EA1037-42C3-4128-8430-F05823B0C39F}.Release|x86.Build.0 = Release|Any CPU
	EndGlobalSection
	GlobalSection(SolutionProperties) = preSolution
		HideSolutionNode = FALSE
	EndGlobalSection
	GlobalSection(ExtensibilityGlobals) = postSolution
		SolutionGuid = {E7A35B06-66B9-48F3-B6E5-3169FAE86A09}
	EndGlobalSection
EndGlobal
